
Microsoft Visual Studio Solution File, Format Version 12.00
# Visual Studio Version 17
VisualStudioVersion = 17.2.32630.192
MinimumVisualStudioVersion = 10.0.40219.1
Project("{2150E333-8FDC-42A3-9474-1A3956D46DE8}") = "_root", "_root", "{58CFD583-2202-45F2-A978-48DF7CEF6148}"
	ProjectSection(SolutionItems) = preProject
		Directory.Build.props = Directory.Build.props
	EndProjectSection
EndProject
Project("{2150E333-8FDC-42A3-9474-1A3956D46DE8}") = "tests", "tests", "{89860550-1F2C-49C7-985B-F148615B9144}"
EndProject
Project("{9A19103F-16F7-4668-BE54-9A1E7A4F7556}") = "Iot.WebApi", "src\Iot.WebApi\Iot.WebApi.csproj", "{AB68FE1D-0173-4DB5-ACE8-D1927A486CFE}"
EndProject
Project("{9A19103F-16F7-4668-BE54-9A1E7A4F7556}") = "Iot.Application", "src\Iot.Application\Iot.Application.csproj", "{90A55F79-68C2-4F25-A3EF-99D7E07F2B8F}"
EndProject
Project("{FAE04EC0-301F-11D3-BF4B-00C04F79EFBC}") = "Iot.Data", "src\Iot.Data\Iot.Data.csproj", "{77F98CAB-889C-4DA5-9E97-EC8BF13578C8}"
EndProject
Project("{FAE04EC0-301F-11D3-BF4B-00C04F79EFBC}") = "Iot.Domain", "src\Iot.Domain\Iot.Domain.csproj", "{47F31B6C-F1E8-43C0-9346-DBFB704FE4D9}"
EndProject
Project("{FAE04EC0-301F-11D3-BF4B-00C04F79EFBC}") = "Iot.Infrastructure", "src\Iot.Infrastructure\Iot.Infrastructure.csproj", "{CE9A07B6-EE60-4BD6-92E1-8EAFFA0A7495}"
EndProject
Project("{FAE04EC0-301F-11D3-BF4B-00C04F79EFBC}") = "Iot.Domain.Tests", "tests\Iot.Domain.Tests\Iot.Domain.Tests.csproj", "{ACCBC388-B705-47AB-BC14-2C129397C774}"
EndProject
Project("{FAE04EC0-301F-11D3-BF4B-00C04F79EFBC}") = "Iot.WebApi.Tests", "tests\Iot.WebApi.Tests\Iot.WebApi.Tests.csproj", "{AAFBC554-7EFD-41A0-841C-3216A910D48B}"
EndProject
Project("{FAE04EC0-301F-11D3-BF4B-00C04F79EFBC}") = "Iot.Base.Test", "tests\Iot.Base.Test\Iot.Base.Test.csproj", "{369BD78D-9CFA-4687-A306-AB0C7AB262D7}"
EndProject
Global
	GlobalSection(SolutionConfigurationPlatforms) = preSolution
		Debug|Any CPU = Debug|Any CPU
		Release|Any CPU = Release|Any CPU
	EndGlobalSection
	GlobalSection(ProjectConfigurationPlatforms) = postSolution
		{AB68FE1D-0173-4DB5-ACE8-D1927A486CFE}.Debug|Any CPU.ActiveCfg = Debug|Any CPU
		{AB68FE1D-0173-4DB5-ACE8-D1927A486CFE}.Debug|Any CPU.Build.0 = Debug|Any CPU
		{AB68FE1D-0173-4DB5-ACE8-D1927A486CFE}.Release|Any CPU.ActiveCfg = Release|Any CPU
		{AB68FE1D-0173-4DB5-ACE8-D1927A486CFE}.Release|Any CPU.Build.0 = Release|Any CPU
		{90A55F79-68C2-4F25-A3EF-99D7E07F2B8F}.Debug|Any CPU.ActiveCfg = Debug|Any CPU
		{90A55F79-68C2-4F25-A3EF-99D7E07F2B8F}.Debug|Any CPU.Build.0 = Debug|Any CPU
		{90A55F79-68C2-4F25-A3EF-99D7E07F2B8F}.Release|Any CPU.ActiveCfg = Release|Any CPU
		{90A55F79-68C2-4F25-A3EF-99D7E07F2B8F}.Release|Any CPU.Build.0 = Release|Any CPU
		{77F98CAB-889C-4DA5-9E97-EC8BF13578C8}.Debug|Any CPU.ActiveCfg = Debug|Any CPU
		{77F98CAB-889C-4DA5-9E97-EC8BF13578C8}.Debug|Any CPU.Build.0 = Debug|Any CPU
		{77F98CAB-889C-4DA5-9E97-EC8BF13578C8}.Release|Any CPU.ActiveCfg = Release|Any CPU
		{77F98CAB-889C-4DA5-9E97-EC8BF13578C8}.Release|Any CPU.Build.0 = Release|Any CPU
		{47F31B6C-F1E8-43C0-9346-DBFB704FE4D9}.Debug|Any CPU.ActiveCfg = Debug|Any CPU
		{47F31B6C-F1E8-43C0-9346-DBFB704FE4D9}.Debug|Any CPU.Build.0 = Debug|Any CPU
		{47F31B6C-F1E8-43C0-9346-DBFB704FE4D9}.Release|Any CPU.ActiveCfg = Release|Any CPU
		{47F31B6C-F1E8-43C0-9346-DBFB704FE4D9}.Release|Any CPU.Build.0 = Release|Any CPU
		{CE9A07B6-EE60-4BD6-92E1-8EAFFA0A7495}.Debug|Any CPU.ActiveCfg = Debug|Any CPU
		{CE9A07B6-EE60-4BD6-92E1-8EAFFA0A7495}.Debug|Any CPU.Build.0 = Debug|Any CPU
		{CE9A07B6-EE60-4BD6-92E1-8EAFFA0A7495}.Release|Any CPU.ActiveCfg = Release|Any CPU
		{CE9A07B6-EE60-4BD6-92E1-8EAFFA0A7495}.Release|Any CPU.Build.0 = Release|Any CPU
		{ACCBC388-B705-47AB-BC14-2C129397C774}.Debug|Any CPU.ActiveCfg = Debug|Any CPU
		{ACCBC388-B705-47AB-BC14-2C129397C774}.Debug|Any CPU.Build.0 = Debug|Any CPU
		{ACCBC388-B705-47AB-BC14-2C129397C774}.Release|Any CPU.ActiveCfg = Release|Any CPU
		{ACCBC388-B705-47AB-BC14-2C129397C774}.Release|Any CPU.Build.0 = Release|Any CPU
		{6BDDF4E5-2271-4DB6-9CDE-CD97E2E9F794}.Debug|Any CPU.ActiveCfg = Debug|Any CPU
		{6BDDF4E5-2271-4DB6-9CDE-CD97E2E9F794}.Debug|Any CPU.Build.0 = Debug|Any CPU
		{6BDDF4E5-2271-4DB6-9CDE-CD97E2E9F794}.Release|Any CPU.ActiveCfg = Release|Any CPU
		{6BDDF4E5-2271-4DB6-9CDE-CD97E2E9F794}.Release|Any CPU.Build.0 = Release|Any CPU
		{01C3CCD3-F6B6-40B0-8E00-356E8E04BF6D}.Debug|Any CPU.ActiveCfg = Debug|Any CPU
		{01C3CCD3-F6B6-40B0-8E00-356E8E04BF6D}.Debug|Any CPU.Build.0 = Debug|Any CPU
		{01C3CCD3-F6B6-40B0-8E00-356E8E04BF6D}.Release|Any CPU.ActiveCfg = Release|Any CPU
		{01C3CCD3-F6B6-40B0-8E00-356E8E04BF6D}.Release|Any CPU.Build.0 = Release|Any CPU
		{C6B436F7-7D4C-4FE9-AB85-644321C2084E}.Debug|Any CPU.ActiveCfg = Debug|Any CPU
		{C6B436F7-7D4C-4FE9-AB85-644321C2084E}.Debug|Any CPU.Build.0 = Debug|Any CPU
		{C6B436F7-7D4C-4FE9-AB85-644321C2084E}.Release|Any CPU.ActiveCfg = Release|Any CPU
		{C6B436F7-7D4C-4FE9-AB85-644321C2084E}.Release|Any CPU.Build.0 = Release|Any CPU
		{AAFBC554-7EFD-41A0-841C-3216A910D48B}.Debug|Any CPU.ActiveCfg = Debug|Any CPU
		{AAFBC554-7EFD-41A0-841C-3216A910D48B}.Debug|Any CPU.Build.0 = Debug|Any CPU
		{AAFBC554-7EFD-41A0-841C-3216A910D48B}.Release|Any CPU.ActiveCfg = Release|Any CPU
		{AAFBC554-7EFD-41A0-841C-3216A910D48B}.Release|Any CPU.Build.0 = Release|Any CPU
		{369BD78D-9CFA-4687-A306-AB0C7AB262D7}.Debug|Any CPU.ActiveCfg = Debug|Any CPU
		{369BD78D-9CFA-4687-A306-AB0C7AB262D7}.Debug|Any CPU.Build.0 = Debug|Any CPU
		{369BD78D-9CFA-4687-A306-AB0C7AB262D7}.Release|Any CPU.ActiveCfg = Release|Any CPU
		{369BD78D-9CFA-4687-A306-AB0C7AB262D7}.Release|Any CPU.Build.0 = Release|Any CPU
	EndGlobalSection
	GlobalSection(SolutionProperties) = preSolution
		HideSolutionNode = FALSE
	EndGlobalSection
	GlobalSection(NestedProjects) = preSolution
		{ACCBC388-B705-47AB-BC14-2C129397C774} = {89860550-1F2C-49C7-985B-F148615B9144}
		{113A6465-053B-4C42-8F70-5B9764BE34E6} = {58CFD583-2202-45F2-A978-48DF7CEF6148}
		{D80E1273-568A-464A-B386-736818D28EC1} = {113A6465-053B-4C42-8F70-5B9764BE34E6}
		{6BDDF4E5-2271-4DB6-9CDE-CD97E2E9F794} = {89860550-1F2C-49C7-985B-F148615B9144}
		{01C3CCD3-F6B6-40B0-8E00-356E8E04BF6D} = {89860550-1F2C-49C7-985B-F148615B9144}
		{C6B436F7-7D4C-4FE9-AB85-644321C2084E} = {89860550-1F2C-49C7-985B-F148615B9144}
		{AAFBC554-7EFD-41A0-841C-3216A910D48B} = {89860550-1F2C-49C7-985B-F148615B9144}
		{369BD78D-9CFA-4687-A306-AB0C7AB262D7} = {89860550-1F2C-49C7-985B-F148615B9144}
	EndGlobalSection
	GlobalSection(ExtensibilityGlobals) = postSolution
		SolutionGuid = {03A9263B-7D8A-4211-8EFB-37D39A4F2B83}
	EndGlobalSection
EndGlobal
